
Microsoft Visual Studio Solution File, Format Version 12.00
# Visual Studio Version 17
VisualStudioVersion = 17.13.35825.156
MinimumVisualStudioVersion = 10.0.40219.1
Project("{FAE04EC0-301F-11D3-BF4B-00C04F79EFBC}") = "ProjetoPGE.API", "ProjetoPGE.API\ProjetoPGE.API.csproj", "{17F60986-DD25-45F8-8334-C0CC237F2881}"
EndProject
Project("{FAE04EC0-301F-11D3-BF4B-00C04F79EFBC}") = "ProjetoPGE.Domain", "ProjetoPGE.Domain\ProjetoPGE.Domain.csproj", "{4DAAAC4D-634D-4666-BA6F-14960C910D2A}"
EndProject
Project("{FAE04EC0-301F-11D3-BF4B-00C04F79EFBC}") = "ProjetoPGE.Application", "ProjetoPGE.Application\ProjetoPGE.Application.csproj", "{1C232AFD-D600-49B3-B488-957CB9F8548D}"
EndProject
Project("{FAE04EC0-301F-11D3-BF4B-00C04F79EFBC}") = "ProjetoPGE.Infra.Data", "ProjetoPGE.Infra.Data\ProjetoPGE.Infra.Data.csproj", "{EB5CC624-0BCA-4410-9477-64784E9F18D5}"
EndProject
Project("{FAE04EC0-301F-11D3-BF4B-00C04F79EFBC}") = "ProjetoPGE.Infra.Ioc", "ProjetoPGE.Infra.Ioc\ProjetoPGE.Infra.Ioc.csproj", "{F676DE7B-010F-4777-A4EF-C6AA78BC59B3}"
EndProject
Global
	GlobalSection(SolutionConfigurationPlatforms) = preSolution
		Debug|Any CPU = Debug|Any CPU
		Release|Any CPU = Release|Any CPU
	EndGlobalSection
	GlobalSection(ProjectConfigurationPlatforms) = postSolution
		{17F60986-DD25-45F8-8334-C0CC237F2881}.Debug|Any CPU.ActiveCfg = Debug|Any CPU
		{17F60986-DD25-45F8-8334-C0CC237F2881}.Debug|Any CPU.Build.0 = Debug|Any CPU
		{17F60986-DD25-45F8-8334-C0CC237F2881}.Release|Any CPU.ActiveCfg = Release|Any CPU
		{17F60986-DD25-45F8-8334-C0CC237F2881}.Release|Any CPU.Build.0 = Release|Any CPU
		{4DAAAC4D-634D-4666-BA6F-14960C910D2A}.Debug|Any CPU.ActiveCfg = Debug|Any CPU
		{4DAAAC4D-634D-4666-BA6F-14960C910D2A}.Debug|Any CPU.Build.0 = Debug|Any CPU
		{4DAAAC4D-634D-4666-BA6F-14960C910D2A}.Release|Any CPU.ActiveCfg = Release|Any CPU
		{4DAAAC4D-634D-4666-BA6F-14960C910D2A}.Release|Any CPU.Build.0 = Release|Any CPU
		{1C232AFD-D600-49B3-B488-957CB9F8548D}.Debug|Any CPU.ActiveCfg = Debug|Any CPU
		{1C232AFD-D600-49B3-B488-957CB9F8548D}.Debug|Any CPU.Build.0 = Debug|Any CPU
		{1C232AFD-D600-49B3-B488-957CB9F8548D}.Release|Any CPU.ActiveCfg = Release|Any CPU
		{1C232AFD-D600-49B3-B488-957CB9F8548D}.Release|Any CPU.Build.0 = Release|Any CPU
		{EB5CC624-0BCA-4410-9477-64784E9F18D5}.Debug|Any CPU.ActiveCfg = Debug|Any CPU
		{EB5CC624-0BCA-4410-9477-64784E9F18D5}.Debug|Any CPU.Build.0 = Debug|Any CPU
		{EB5CC624-0BCA-4410-9477-64784E9F18D5}.Release|Any CPU.ActiveCfg = Release|Any CPU
		{EB5CC624-0BCA-4410-9477-64784E9F18D5}.Release|Any CPU.Build.0 = Release|Any CPU
		{F676DE7B-010F-4777-A4EF-C6AA78BC59B3}.Debug|Any CPU.ActiveCfg = Debug|Any CPU
		{F676DE7B-010F-4777-A4EF-C6AA78BC59B3}.Debug|Any CPU.Build.0 = Debug|Any CPU
		{F676DE7B-010F-4777-A4EF-C6AA78BC59B3}.Release|Any CPU.ActiveCfg = Release|Any CPU
		{F676DE7B-010F-4777-A4EF-C6AA78BC59B3}.Release|Any CPU.Build.0 = Release|Any CPU
	EndGlobalSection
	GlobalSection(SolutionProperties) = preSolution
		HideSolutionNode = FALSE
	EndGlobalSection
	GlobalSection(ExtensibilityGlobals) = postSolution
		SolutionGuid = {14DD563D-011E-4005-BC9C-FE919EFA8FAB}
	EndGlobalSection
EndGlobal
